{
  "name": "banana-ui",
  "version": "1.5.0",
  "lockfileVersion": 3,
  "requires": true,
  "packages": {
    "": {
      "name": "banana-ui",
      "version": "1.5.0",
      "license": "ISC",
      "dependencies": {
        "lit": "^2.5.0"
      },
      "devDependencies": {
        "@open-wc/testing": "3.0.0-next.5",
        "@types/jest": "^29.5.0",
        "@types/react": "^18.0.26",
        "@types/sinon": "^10.0.14",
        "@types/throttle-debounce": "^5.0.0",
        "@web/dev-server-esbuild": "^0.3.4",
        "@web/test-runner": "^0.15.1",
        "@web/test-runner-playwright": "^0.9.0",
        "rimraf": "^3.0.2",
        "sinon": "^15.0.4",
        "typescript": "^5.0.4"
      }
    },
    "../../node_modules/.pnpm/@open-wc+testing@3.0.0-next.5/node_modules/@open-wc/testing": {
      "version": "3.0.0-next.5",
      "dev": true,
      "license": "MIT",
      "dependencies": {
        "@esm-bundle/chai": "^4.3.4",
        "@open-wc/chai-dom-equals": "^0.12.36",
        "@open-wc/semantic-dom-diff": "^0.19.5-next.2",
        "@open-wc/testing-helpers": "^2.0.0-next.2",
        "@types/chai": "^4.2.11",
        "@types/chai-dom": "^0.0.9",
        "@types/sinon-chai": "^3.2.3",
        "chai-a11y-axe": "^1.3.2-next.0"
      }
    },
    "../../node_modules/.pnpm/@types+jest@29.5.0/node_modules/@types/jest": {
      "version": "29.5.0",
      "dev": true,
      "license": "MIT",
      "dependencies": {
        "expect": "^29.0.0",
        "pretty-format": "^29.0.0"
      }
    },
    "../../node_modules/.pnpm/@types+react@18.0.26/node_modules/@types/react": {
      "version": "18.0.26",
      "dev": true,
      "license": "MIT",
      "dependencies": {
        "@types/prop-types": "*",
        "@types/scheduler": "*",
        "csstype": "^3.0.2"
      }
    },
    "../../node_modules/.pnpm/@types+sinon@10.0.14/node_modules/@types/sinon": {
      "version": "10.0.14",
      "dev": true,
      "license": "MIT",
      "dependencies": {
        "@types/sinonjs__fake-timers": "*"
      }
    },
    "../../node_modules/.pnpm/@web+dev-server-esbuild@0.3.4/node_modules/@web/dev-server-esbuild": {
      "version": "0.3.4",
      "dev": true,
      "license": "MIT",
      "dependencies": {
        "@mdn/browser-compat-data": "^4.0.0",
        "@web/dev-server-core": "^0.4.0",
        "esbuild": "^0.16 || ^0.17",
        "parse5": "^6.0.1",
        "ua-parser-js": "^1.0.2"
      },
      "devDependencies": {
        "@types/ua-parser-js": "^0.7.35",
        "@web/dev-server-rollup": "^0.4.0",
        "lit-element": "^3.0.0",
        "node-fetch": "3.0.0-beta.9",
        "preact": "^10.5.9"
      },
      "engines": {
        "node": ">=10.0.0"
      }
    },
    "../../node_modules/.pnpm/@web+test-runner-playwright@0.9.0/node_modules/@web/test-runner-playwright": {
      "version": "0.9.0",
      "dev": true,
      "license": "MIT",
      "dependencies": {
        "@web/test-runner-core": "^0.10.20",
        "@web/test-runner-coverage-v8": "^0.5.0",
        "playwright": "^1.22.2"
      },
      "devDependencies": {
        "@web/test-runner-mocha": "^0.7.4",
        "portfinder": "^1.0.32"
      },
      "engines": {
        "node": ">=12.0.0"
      }
    },
    "../../node_modules/.pnpm/@web+test-runner@0.15.1/node_modules/@web/test-runner": {
      "version": "0.15.1",
      "dev": true,
      "license": "MIT",
      "dependencies": {
        "@web/browser-logs": "^0.2.2",
        "@web/config-loader": "^0.1.3",
        "@web/dev-server": "^0.1.35",
        "@web/test-runner-chrome": "^0.11.0",
        "@web/test-runner-commands": "^0.6.3",
        "@web/test-runner-core": "^0.10.27",
        "@web/test-runner-mocha": "^0.7.5",
        "camelcase": "^6.2.0",
        "command-line-args": "^5.1.1",
        "command-line-usage": "^6.1.1",
        "convert-source-map": "^1.7.0",
        "diff": "^5.0.0",
        "globby": "^11.0.1",
        "nanocolors": "^0.2.1",
        "portfinder": "^1.0.32",
        "source-map": "^0.7.3"
      },
      "bin": {
        "web-test-runner": "dist/bin.js",
        "wtr": "dist/bin.js"
      },
      "devDependencies": {
        "@types/diff": "^5.0.0",
        "@web/dev-server-legacy": "^1.0.1",
        "@web/test-runner-saucelabs": "^0.8.0",
        "babel-plugin-istanbul": "^6.0.0",
        "concurrently": "^7.3.0"
      },
      "engines": {
        "node": ">=12.0.0"
      }
    },
    "../../node_modules/.pnpm/lit@2.5.0/node_modules/lit": {
      "version": "2.5.0",
      "license": "BSD-3-Clause",
      "dependencies": {
        "@lit/reactive-element": "^1.5.0",
        "lit-element": "^3.2.0",
        "lit-html": "^2.5.0"
      },
      "devDependencies": {
        "@lit-internal/scripts": "^1.0.0",
        "@webcomponents/shadycss": "^1.8.0",
        "@webcomponents/template": "^1.4.4",
        "@webcomponents/webcomponentsjs": "^2.6.0",
        "tslib": "^2.0.3"
      }
    },
    "../../node_modules/.pnpm/rimraf@3.0.2/node_modules/rimraf": {
      "version": "3.0.2",
      "dev": true,
      "license": "ISC",
      "dependencies": {
        "glob": "^7.1.3"
      },
      "bin": {
        "rimraf": "bin.js"
      },
      "devDependencies": {
        "mkdirp": "^0.5.1",
        "tap": "^12.1.1"
      },
      "funding": {
        "url": "https://github.com/sponsors/isaacs"
      }
    },
    "../../node_modules/.pnpm/sinon@15.0.4/node_modules/sinon": {
      "version": "15.0.4",
      "dev": true,
      "license": "BSD-3-Clause",
      "dependencies": {
        "@sinonjs/commons": "^3.0.0",
        "@sinonjs/fake-timers": "^10.0.2",
        "@sinonjs/samsam": "^8.0.0",
        "diff": "^5.1.0",
        "nise": "^5.1.4",
        "supports-color": "^7.2.0"
      },
      "devDependencies": {
        "@babel/core": "^7.21.0",
        "@sinonjs/eslint-config": "^4.0.6",
        "@sinonjs/eslint-plugin-no-prototype-methods": "^0.1.1",
        "@sinonjs/referee": "^10.0.0",
        "@studio/changes": "^2.2.0",
        "babel-plugin-istanbul": "^6.1.1",
        "babelify": "^10.0.0",
        "browserify": "^16.5.2",
        "debug": "^4.3.4",
        "dependency-check": "^4.1.0",
        "husky": "^6.0.0",
        "lint-staged": "^13.2.0",
        "mocha": "^10.2.0",
        "mochify": "^9.2.0",
        "nyc": "^15.1.0",
        "prettier": "^2.8.4",
        "proxyquire": "^2.1.3",
        "proxyquire-universal": "^3.0.1",
        "proxyquireify": "^3.2.1",
        "puppeteer": "^19.7.4",
        "rimraf": "^4.4.0",
        "semver": "^7.3.8",
        "shelljs": "^0.8.5",
        "unimported": "^1.26.0"
      },
      "funding": {
        "type": "opencollective",
        "url": "https://opencollective.com/sinon"
      }
    },
    "../../node_modules/.pnpm/typescript@5.0.4/node_modules/typescript": {
      "version": "5.0.4",
      "dev": true,
      "license": "Apache-2.0",
      "bin": {
        "tsc": "bin/tsc",
        "tsserver": "bin/tsserver"
      },
      "devDependencies": {
        "@esfx/canceltoken": "^1.0.0",
        "@octokit/rest": "latest",
        "@types/chai": "^4.3.4",
        "@types/fs-extra": "^9.0.13",
        "@types/glob": "^8.1.0",
        "@types/microsoft__typescript-etw": "^0.1.1",
        "@types/minimist": "^1.2.2",
        "@types/mocha": "^10.0.1",
        "@types/ms": "^0.7.31",
        "@types/node": "latest",
        "@types/source-map-support": "^0.5.6",
        "@types/which": "^2.0.1",
        "@typescript-eslint/eslint-plugin": "^5.33.1",
        "@typescript-eslint/parser": "^5.33.1",
        "@typescript-eslint/utils": "^5.33.1",
        "azure-devops-node-api": "^11.2.0",
        "chai": "^4.3.7",
        "chalk": "^4.1.2",
        "chokidar": "^3.5.3",
        "del": "^6.1.1",
        "diff": "^5.1.0",
        "esbuild": "^0.17.2",
        "eslint": "^8.22.0",
        "eslint-formatter-autolinkable-stylish": "^1.2.0",
        "eslint-plugin-import": "^2.26.0",
        "eslint-plugin-local": "^1.0.0",
        "eslint-plugin-no-null": "^1.0.2",
        "eslint-plugin-simple-import-sort": "^10.0.0",
        "fast-xml-parser": "^4.0.11",
        "fs-extra": "^9.1.0",
        "glob": "^8.1.0",
        "hereby": "^1.6.4",
        "jsonc-parser": "^3.2.0",
        "minimist": "^1.2.8",
        "mocha": "^10.2.0",
        "mocha-fivemat-progress-reporter": "^0.1.0",
        "ms": "^2.1.3",
        "node-fetch": "^3.2.10",
        "source-map-support": "^0.5.21",
        "typescript": "5.0.0-dev.20230112",
        "which": "^2.0.2"
      },
      "engines": {
        "node": ">=12.20"
      }
    },
    "node_modules/@open-wc/testing": {
      "resolved": "../../node_modules/.pnpm/@open-wc+testing@3.0.0-next.5/node_modules/@open-wc/testing",
      "link": true
    },
    "node_modules/@types/jest": {
      "resolved": "../../node_modules/.pnpm/@types+jest@29.5.0/node_modules/@types/jest",
      "link": true
    },
    "node_modules/@types/react": {
      "resolved": "../../node_modules/.pnpm/@types+react@18.0.26/node_modules/@types/react",
      "link": true
    },
    "node_modules/@types/sinon": {
      "resolved": "../../node_modules/.pnpm/@types+sinon@10.0.14/node_modules/@types/sinon",
      "link": true
    },
    "node_modules/@types/throttle-debounce": {
      "version": "5.0.0",
      "resolved": "https://registry.npmmirror.com/@types/throttle-debounce/-/throttle-debounce-5.0.0.tgz",
      "integrity": "sha512-Pb7k35iCGFcGPECoNE4DYp3Oyf2xcTd3FbFQxXUI9hEYKUl6YX+KLf7HrBmgVcD05nl50LIH6i+80js4iYmWbw==",
      "dev": true,
      "license": "MIT"
    },
    "node_modules/@web/dev-server-esbuild": {
      "resolved": "../../node_modules/.pnpm/@web+dev-server-esbuild@0.3.4/node_modules/@web/dev-server-esbuild",
      "link": true
    },
    "node_modules/@web/test-runner": {
      "resolved": "../../node_modules/.pnpm/@web+test-runner@0.15.1/node_modules/@web/test-runner",
      "link": true
    },
    "node_modules/@web/test-runner-playwright": {
      "resolved": "../../node_modules/.pnpm/@web+test-runner-playwright@0.9.0/node_modules/@web/test-runner-playwright",
      "link": true
    },
    "node_modules/lit": {
      "resolved": "../../node_modules/.pnpm/lit@2.5.0/node_modules/lit",
      "link": true
    },
    "node_modules/rimraf": {
      "resolved": "../../node_modules/.pnpm/rimraf@3.0.2/node_modules/rimraf",
      "link": true
    },
    "node_modules/sinon": {
      "resolved": "../../node_modules/.pnpm/sinon@15.0.4/node_modules/sinon",
      "link": true
    },
    "node_modules/typescript": {
      "resolved": "../../node_modules/.pnpm/typescript@5.0.4/node_modules/typescript",
      "link": true
    }
  }
}
